// !$*UTF8*$!
{
	archiveVersion = 1;
	classes = {
	};
	objectVersion = 46;
	objects = {

/* Begin PBXBuildFile section */
		F64D0DFE194A387D00B8B3B1 /* AppDelegate.swift in Sources */ = {isa = PBXBuildFile; fileRef = F64D0DFD194A387D00B8B3B1 /* AppDelegate.swift */; };
		F64D0E00194A387D00B8B3B1 /* Images.xcassets in Resources */ = {isa = PBXBuildFile; fileRef = F64D0DFF194A387D00B8B3B1 /* Images.xcassets */; };
		F64D0E0C194A387E00B8B3B1 /* hypnoTests.swift in Sources */ = {isa = PBXBuildFile; fileRef = F64D0E0B194A387E00B8B3B1 /* hypnoTests.swift */; };
		F64D0E16194A389E00B8B3B1 /* BNR.swift in Sources */ = {isa = PBXBuildFile; fileRef = F64D0E15194A389E00B8B3B1 /* BNR.swift */; };
/* End PBXBuildFile section */

/* Begin PBXContainerItemProxy section */
		F64D0E06194A387E00B8B3B1 /* PBXContainerItemProxy */ = {
			isa = PBXContainerItemProxy;
			containerPortal = F64D0DF0194A387D00B8B3B1 /* Project object */;
			proxyType = 1;
			remoteGlobalIDString = F64D0DF7194A387D00B8B3B1;
			remoteInfo = hypno;
		};
/* End PBXContainerItemProxy section */

/* Begin PBXFileReference section */
		F64D0DF8194A387D00B8B3B1 /* hypno.app */ = {isa = PBXFileReference; explicitFileType = wrapper.application; includeInIndex = 0; path = hypno.app; sourceTree = BUILT_PRODUCTS_DIR; };
		F64D0DFC194A387D00B8B3B1 /* Info.plist */ = {isa = PBXFileReference; lastKnownFileType = text.plist.xml; path = Info.plist; sourceTree = "<group>"; };
		F64D0DFD194A387D00B8B3B1 /* AppDelegate.swift */ = {isa = PBXFileReference; lastKnownFileType = sourcecode.swift; path = AppDelegate.swift; sourceTree = "<group>"; };
		F64D0DFF194A387D00B8B3B1 /* Images.xcassets */ = {isa = PBXFileReference; lastKnownFileType = folder.assetcatalog; path = Images.xcassets; sourceTree = "<group>"; };
		F64D0E05194A387E00B8B3B1 /* hypnoTests.xctest */ = {isa = PBXFileReference; explicitFileType = wrapper.cfbundle; includeInIndex = 0; path = hypnoTests.xctest; sourceTree = BUILT_PRODUCTS_DIR; };
		F64D0E0A194A387E00B8B3B1 /* Info.plist */ = {isa = PBXFileReference; lastKnownFileType = text.plist.xml; path = Info.plist; sourceTree = "<group>"; };
		F64D0E0B194A387E00B8B3B1 /* hypnoTests.swift */ = {isa = PBXFileReference; lastKnownFileType = sourcecode.swift; path = hypnoTests.swift; sourceTree = "<group>"; };
		F64D0E15194A389E00B8B3B1 /* BNR.swift */ = {isa = PBXFileReference; fileEncoding = 4; lastKnownFileType = sourcecode.swift; path = BNR.swift; sourceTree = "<group>"; };
/* End PBXFileReference section */

/* Begin PBXFrameworksBuildPhase section */
		F64D0DF5194A387D00B8B3B1 /* Frameworks */ = {
			isa = PBXFrameworksBuildPhase;
			buildActionMask = 2147483647;
			files = (
			);
			runOnlyForDeploymentPostprocessing = 0;
		};
		F64D0E02194A387E00B8B3B1 /* Frameworks */ = {
			isa = PBXFrameworksBuildPhase;
			buildActionMask = 2147483647;
			files = (
			);
			runOnlyForDeploymentPostprocessing = 0;
		};
/* End PBXFrameworksBuildPhase section */

/* Begin PBXGroup section */
		F64D0DEF194A387D00B8B3B1 = {
			isa = PBXGroup;
			children = (
				F64D0DFA194A387D00B8B3B1 /* hypno */,
				F64D0E08194A387E00B8B3B1 /* hypnoTests */,
				F64D0DF9194A387D00B8B3B1 /* Products */,
			);
			sourceTree = "<group>";
		};
		F64D0DF9194A387D00B8B3B1 /* Products */ = {
			isa = PBXGroup;
			children = (
				F64D0DF8194A387D00B8B3B1 /* hypno.app */,
				F64D0E05194A387E00B8B3B1 /* hypnoTests.xctest */,
			);
			name = Products;
			sourceTree = "<group>";
		};
		F64D0DFA194A387D00B8B3B1 /* hypno */ = {
			isa = PBXGroup;
			children = (
				F64D0DFD194A387D00B8B3B1 /* AppDelegate.swift */,
				F64D0DFF194A387D00B8B3B1 /* Images.xcassets */,
				F64D0DFB194A387D00B8B3B1 /* Supporting Files */,
				F64D0E15194A389E00B8B3B1 /* BNR.swift */,
			);
			path = hypno;
			sourceTree = "<group>";
		};
		F64D0DFB194A387D00B8B3B1 /* Supporting Files */ = {
			isa = PBXGroup;
			children = (
				F64D0DFC194A387D00B8B3B1 /* Info.plist */,
			);
			name = "Supporting Files";
			sourceTree = "<group>";
		};
		F64D0E08194A387E00B8B3B1 /* hypnoTests */ = {
			isa = PBXGroup;
			children = (
				F64D0E0B194A387E00B8B3B1 /* hypnoTests.swift */,
				F64D0E09194A387E00B8B3B1 /* Supporting Files */,
			);
			path = hypnoTests;
			sourceTree = "<group>";
		};
		F64D0E09194A387E00B8B3B1 /* Supporting Files */ = {
			isa = PBXGroup;
			children = (
				F64D0E0A194A387E00B8B3B1 /* Info.plist */,
			);
			name = "Supporting Files";
			sourceTree = "<group>";
		};
/* End PBXGroup section */

/* Begin PBXNativeTarget section */
		F64D0DF7194A387D00B8B3B1 /* hypno */ = {
			isa = PBXNativeTarget;
			buildConfigurationList = F64D0E0F194A387E00B8B3B1 /* Build configuration list for PBXNativeTarget "hypno" */;
			buildPhases = (
				F64D0DF4194A387D00B8B3B1 /* Sources */,
				F64D0DF5194A387D00B8B3B1 /* Frameworks */,
				F64D0DF6194A387D00B8B3B1 /* Resources */,
			);
			buildRules = (
			);
			dependencies = (
			);
			name = hypno;
			productName = hypno;
			productReference = F64D0DF8194A387D00B8B3B1 /* hypno.app */;
			productType = "com.apple.product-type.application";
		};
		F64D0E04194A387E00B8B3B1 /* hypnoTests */ = {
			isa = PBXNativeTarget;
			buildConfigurationList = F64D0E12194A387E00B8B3B1 /* Build configuration list for PBXNativeTarget "hypnoTests" */;
			buildPhases = (
				F64D0E01194A387E00B8B3B1 /* Sources */,
				F64D0E02194A387E00B8B3B1 /* Frameworks */,
				F64D0E03194A387E00B8B3B1 /* Resources */,
			);
			buildRules = (
			);
			dependencies = (
				F64D0E07194A387E00B8B3B1 /* PBXTargetDependency */,
			);
			name = hypnoTests;
			productName = hypnoTests;
			productReference = F64D0E05194A387E00B8B3B1 /* hypnoTests.xctest */;
			productType = "com.apple.product-type.bundle.unit-test";
		};
/* End PBXNativeTarget section */

/* Begin PBXProject section */
		F64D0DF0194A387D00B8B3B1 /* Project object */ = {
			isa = PBXProject;
			attributes = {
				LastUpgradeCheck = 0600;
				ORGANIZATIONNAME = BennyMadeIt;
				TargetAttributes = {
					F64D0DF7194A387D00B8B3B1 = {
						CreatedOnToolsVersion = 6.0;
					};
					F64D0E04194A387E00B8B3B1 = {
						CreatedOnToolsVersion = 6.0;
						TestTargetID = F64D0DF7194A387D00B8B3B1;
					};
				};
			};
			buildConfigurationList = F64D0DF3194A387D00B8B3B1 /* Build configuration list for PBXProject "hypno" */;
			compatibilityVersion = "Xcode 3.2";
			developmentRegion = English;
			hasScannedForEncodings = 0;
			knownRegions = (
				en,
			);
			mainGroup = F64D0DEF194A387D00B8B3B1;
			productRefGroup = F64D0DF9194A387D00B8B3B1 /* Products */;
			projectDirPath = "";
			projectRoot = "";
			targets = (
				F64D0DF7194A387D00B8B3B1 /* hypno */,
				F64D0E04194A387E00B8B3B1 /* hypnoTests */,
			);
		};
/* End PBXProject section */

/* Begin PBXResourcesBuildPhase section */
		F64D0DF6194A387D00B8B3B1 /* Resources */ = {
			isa = PBXResourcesBuildPhase;
			buildActionMask = 2147483647;
			files = (
				F64D0E00194A387D00B8B3B1 /* Images.xcassets in Resources */,
			);
			runOnlyForDeploymentPostprocessing = 0;
		};
		F64D0E03194A387E00B8B3B1 /* Resources */ = {
			isa = PBXResourcesBuildPhase;
			buildActionMask = 2147483647;
			files = (
			);
			runOnlyForDeploymentPostprocessing = 0;
		};
/* End PBXResourcesBuildPhase section */

/* Begin PBXSourcesBuildPhase section */
		F64D0DF4194A387D00B8B3B1 /* Sources */ = {
			isa = PBXSourcesBuildPhase;
			buildActionMask = 2147483647;
			files = (
				F64D0E16194A389E00B8B3B1 /* BNR.swift in Sources */,
				F64D0DFE194A387D00B8B3B1 /* AppDelegate.swift in Sources */,
			);
			runOnlyForDeploymentPostprocessing = 0;
		};
		F64D0E01194A387E00B8B3B1 /* Sources */ = {
			isa = PBXSourcesBuildPhase;
			buildActionMask = 2147483647;
			files = (
				F64D0E0C194A387E00B8B3B1 /* hypnoTests.swift in Sources */,
			);
			runOnlyForDeploymentPostprocessing = 0;
		};
/* End PBXSourcesBuildPhase section */

/* Begin PBXTargetDependency section */
		F64D0E07194A387E00B8B3B1 /* PBXTargetDependency */ = {
			isa = PBXTargetDependency;
			target = F64D0DF7194A387D00B8B3B1 /* hypno */;
			targetProxy = F64D0E06194A387E00B8B3B1 /* PBXContainerItemProxy */;
		};
/* End PBXTargetDependency section */

/* Begin XCBuildConfiguration section */
		F64D0E0D194A387E00B8B3B1 /* Debug */ = {
			isa = XCBuildConfiguration;
			buildSettings = {
				ALWAYS_SEARCH_USER_PATHS = NO;
				CLANG_CXX_LANGUAGE_STANDARD = "gnu++0x";
				CLANG_CXX_LIBRARY = "libc++";
				CLANG_ENABLE_MODULES = YES;
				CLANG_ENABLE_OBJC_ARC = YES;
				CLANG_WARN_BOOL_CONVERSION = YES;
				CLANG_WARN_CONSTANT_CONVERSION = YES;
				CLANG_WARN_DIRECT_OBJC_ISA_USAGE = YES_ERROR;
				CLANG_WARN_EMPTY_BODY = YES;
				CLANG_WARN_ENUM_CONVERSION = YES;
				CLANG_WARN_INT_CONVERSION = YES;
				CLANG_WARN_OBJC_ROOT_CLASS = YES_ERROR;
				CLANG_WARN_UNREACHABLE_CODE = YES;
				CLANG_WARN__DUPLICATE_METHOD_MATCH = YES;
				"CODE_SIGN_IDENTITY[sdk=iphoneos*]" = "iPhone Developer";
				COPY_PHASE_STRIP = NO;
				ENABLE_STRICT_OBJC_MSGSEND = YES;
				GCC_C_LANGUAGE_STANDARD = gnu99;
				GCC_DYNAMIC_NO_PIC = NO;
				GCC_OPTIMIZATION_LEVEL = 0;
				GCC_PREPROCESSOR_DEFINITIONS = (
					"DEBUG=1",
					"$(inherited)",
				);
				GCC_SYMBOLS_PRIVATE_EXTERN = NO;
				GCC_WARN_64_TO_32_BIT_CONVERSION = YES;
				GCC_WARN_ABOUT_RETURN_TYPE = YES_ERROR;
				GCC_WARN_UNDECLARED_SELECTOR = YES;
				GCC_WARN_UNINITIALIZED_AUTOS = YES_AGGRESSIVE;
				GCC_WARN_UNUSED_FUNCTION = YES;
				GCC_WARN_UNUSED_VARIABLE = YES;
				IPHONEOS_DEPLOYMENT_TARGET = 8.0;
				METAL_ENABLE_DEBUG_INFO = YES;
				ONLY_ACTIVE_ARCH = YES;
				SDKROOT = iphoneos;
				SWIFT_OPTIMIZATION_LEVEL = "-Onone";
			};
			name = Debug;
		};
		F64D0E0E194A387E00B8B3B1 /* Release */ = {
			isa = XCBuildConfiguration;
			buildSettings = {
				ALWAYS_SEARCH_USER_PATHS = NO;
				CLANG_CXX_LANGUAGE_STANDARD = "gnu++0x";
				CLANG_CXX_LIBRARY = "libc++";
				CLANG_ENABLE_MODULES = YES;
				CLANG_ENABLE_OBJC_ARC = YES;
				CLANG_WARN_BOOL_CONVERSION = YES;
				CLANG_WARN_CONSTANT_CONVERSION = YES;
				CLANG_WARN_DIRECT_OBJC_ISA_USAGE = YES_ERROR;
				CLANG_WARN_EMPTY_BODY = YES;
				CLANG_WARN_ENUM_CONVERSION = YES;
				CLANG_WARN_INT_CONVERSION = YES;
				CLANG_WARN_OBJC_ROOT_CLASS = YES_ERROR;
				CLANG_WARN_UNREACHABLE_CODE = YES;
				CLANG_WARN__DUPLICATE_METHOD_MATCH = YES;
				"CODE_SIGN_IDENTITY[sdk=iphoneos*]" = "iPhone Developer";
				COPY_PHASE_STRIP = YES;
				ENABLE_NS_ASSERTIONS = NO;
				ENABLE_STRICT_OBJC_MSGSEND = YES;
				GCC_C_LANGUAGE_STANDARD = gnu99;
				GCC_WARN_64_TO_32_BIT_CONVERSION = YES;
				GCC_WARN_ABOUT_RETURN_TYPE = YES_ERROR;
				GCC_WARN_UNDECLARED_SELECTOR = YES;
				GCC_WARN_UNINITIALIZED_AUTOS = YES_AGGRESSIVE;
				GCC_WARN_UNUSED_FUNCTION = YES;
				GCC_WARN_UNUSED_VARIABLE = YES;
				IPHONEOS_DEPLOYMENT_TARGET = 8.0;
				METAL_ENABLE_DEBUG_INFO = NO;
				SDKROOT = iphoneos;
				VALIDATE_PRODUCT = YES;
			};
			name = Release;
		};
		F64D0E10194A387E00B8B3B1 /* Debug */ = {
			isa = XCBuildConfiguration;
			buildSettings = {
				ASSETCATALOG_COMPILER_APPICON_NAME = AppIcon;
				ASSETCATALOG_COMPILER_LAUNCHIMAGE_NAME = LaunchImage;
				INFOPLIST_FILE = hypno/Info.plist;
				LD_RUNPATH_SEARCH_PATHS = "$(inherited) @executable_path/Frameworks";
				PRODUCT_NAME = "$(TARGET_NAME)";
			};
			name = Debug;
		};
		F64D0E11194A387E00B8B3B1 /* Release */ = {
			isa = XCBuildConfiguration;
			buildSettings = {
				ASSETCATALOG_COMPILER_APPICON_NAME = AppIcon;
				ASSETCATALOG_COMPILER_LAUNCHIMAGE_NAME = LaunchImage;
				INFOPLIST_FILE = hypno/Info.plist;
				LD_RUNPATH_SEARCH_PATHS = "$(inherited) @executable_path/Frameworks";
				PRODUCT_NAME = "$(TARGET_NAME)";
			};
			name = Release;
		};
		F64D0E13194A387E00B8B3B1 /* Debug */ = {
			isa = XCBuildConfiguration;
			buildSettings = {
				BUNDLE_LOADER = "$(BUILT_PRODUCTS_DIR)/hypno.app/hypno";
				FRAMEWORK_SEARCH_PATHS = (
					"$(SDKROOT)/Developer/Library/Frameworks",
					"$(inherited)",
				);
				GCC_PREPROCESSOR_DEFINITIONS = (
					"DEBUG=1",
					"$(inherited)",
				);
				INFOPLIST_FILE = hypnoTests/Info.plist;
				LD_RUNPATH_SEARCH_PATHS = "$(inherited) @executable_path/Frameworks @loader_path/Frameworks";
				METAL_ENABLE_DEBUG_INFO = YES;
				PRODUCT_NAME = "$(TARGET_NAME)";
				TEST_HOST = "$(BUNDLE_LOADER)";
			};
			name = Debug;
		};
		F64D0E14194A387E00B8B3B1 /* Release */ = {
			isa = XCBuildConfiguration;
			buildSettings = {
				BUNDLE_LOADER = "$(BUILT_PRODUCTS_DIR)/hypno.app/hypno";
				FRAMEWORK_SEARCH_PATHS = (
					"$(SDKROOT)/Developer/Library/Frameworks",
					"$(inherited)",
				);
				INFOPLIST_FILE = hypnoTests/Info.plist;
				LD_RUNPATH_SEARCH_PATHS = "$(inherited) @executable_path/Frameworks @loader_path/Frameworks";
				METAL_ENABLE_DEBUG_INFO = NO;
				PRODUCT_NAME = "$(TARGET_NAME)";
				TEST_HOST = "$(BUNDLE_LOADER)";
			};
			name = Release;
		};
/* End XCBuildConfiguration section */

/* Begin XCConfigurationList section */
		F64D0DF3194A387D00B8B3B1 /* Build configuration list for PBXProject "hypno" */ = {
			isa = XCConfigurationList;
			buildConfigurations = (
				F64D0E0D194A387E00B8B3B1 /* Debug */,
				F64D0E0E194A387E00B8B3B1 /* Release */,
			);
			defaultConfigurationIsVisible = 0;
			defaultConfigurationName = Release;
		};
		F64D0E0F194A387E00B8B3B1 /* Build configuration list for PBXNativeTarget "hypno" */ = {
			isa = XCConfigurationList;
			buildConfigurations = (
				F64D0E10194A387E00B8B3B1 /* Debug */,
				F64D0E11194A387E00B8B3B1 /* Release */,
			);
			defaultConfigurationIsVisible = 0;
		};
		F64D0E12194A387E00B8B3B1 /* Build configuration list for PBXNativeTarget "hypnoTests" */ = {
			isa = XCConfigurationList;
			buildConfigurations = (
				F64D0E13194A387E00B8B3B1 /* Debug */,
				F64D0E14194A387E00B8B3B1 /* Release */,
			);
			defaultConfigurationIsVisible = 0;
		};
/* End XCConfigurationList section */
	};
	rootObject = F64D0DF0194A387D00B8B3B1 /* Project object */;
}
