// !$*UTF8*$!
{
	archiveVersion = 1;
	classes = {
	};
	objectVersion = 46;
	objects = {

/* Begin PBXBuildFile section */
		F65EF9B2194739AA00BFD4A4 /* AppDelegate.swift in Sources */ = {isa = PBXBuildFile; fileRef = F65EF9B1194739AA00BFD4A4 /* AppDelegate.swift */; };
		F65EF9B4194739AA00BFD4A4 /* Images.xcassets in Resources */ = {isa = PBXBuildFile; fileRef = F65EF9B3194739AA00BFD4A4 /* Images.xcassets */; };
		F65EF9C0194739AA00BFD4A4 /* BNR_1Tests.swift in Sources */ = {isa = PBXBuildFile; fileRef = F65EF9BF194739AA00BFD4A4 /* BNR_1Tests.swift */; };
		F65EF9CB19476B9700BFD4A4 /* BNRQuizViewController.swift in Sources */ = {isa = PBXBuildFile; fileRef = F65EF9C919476B9700BFD4A4 /* BNRQuizViewController.swift */; };
		F65EF9CC19476B9700BFD4A4 /* BNRQuizViewController.xib in Resources */ = {isa = PBXBuildFile; fileRef = F65EF9CA19476B9700BFD4A4 /* BNRQuizViewController.xib */; };
/* End PBXBuildFile section */

/* Begin PBXContainerItemProxy section */
		F65EF9BA194739AA00BFD4A4 /* PBXContainerItemProxy */ = {
			isa = PBXContainerItemProxy;
			containerPortal = F65EF9A4194739AA00BFD4A4 /* Project object */;
			proxyType = 1;
			remoteGlobalIDString = F65EF9AB194739AA00BFD4A4;
			remoteInfo = "BNR-1";
		};
/* End PBXContainerItemProxy section */

/* Begin PBXFileReference section */
		F65EF9AC194739AA00BFD4A4 /* BNR-1.app */ = {isa = PBXFileReference; explicitFileType = wrapper.application; includeInIndex = 0; path = "BNR-1.app"; sourceTree = BUILT_PRODUCTS_DIR; };
		F65EF9B0194739AA00BFD4A4 /* Info.plist */ = {isa = PBXFileReference; lastKnownFileType = text.plist.xml; path = Info.plist; sourceTree = "<group>"; };
		F65EF9B1194739AA00BFD4A4 /* AppDelegate.swift */ = {isa = PBXFileReference; lastKnownFileType = sourcecode.swift; path = AppDelegate.swift; sourceTree = "<group>"; };
		F65EF9B3194739AA00BFD4A4 /* Images.xcassets */ = {isa = PBXFileReference; lastKnownFileType = folder.assetcatalog; path = Images.xcassets; sourceTree = "<group>"; };
		F65EF9B9194739AA00BFD4A4 /* BNR-1Tests.xctest */ = {isa = PBXFileReference; explicitFileType = wrapper.cfbundle; includeInIndex = 0; path = "BNR-1Tests.xctest"; sourceTree = BUILT_PRODUCTS_DIR; };
		F65EF9BE194739AA00BFD4A4 /* Info.plist */ = {isa = PBXFileReference; lastKnownFileType = text.plist.xml; path = Info.plist; sourceTree = "<group>"; };
		F65EF9BF194739AA00BFD4A4 /* BNR_1Tests.swift */ = {isa = PBXFileReference; lastKnownFileType = sourcecode.swift; path = BNR_1Tests.swift; sourceTree = "<group>"; };
		F65EF9C919476B9700BFD4A4 /* BNRQuizViewController.swift */ = {isa = PBXFileReference; fileEncoding = 4; lastKnownFileType = sourcecode.swift; path = BNRQuizViewController.swift; sourceTree = "<group>"; };
		F65EF9CA19476B9700BFD4A4 /* BNRQuizViewController.xib */ = {isa = PBXFileReference; fileEncoding = 4; lastKnownFileType = file.xib; path = BNRQuizViewController.xib; sourceTree = "<group>"; };
/* End PBXFileReference section */

/* Begin PBXFrameworksBuildPhase section */
		F65EF9A9194739AA00BFD4A4 /* Frameworks */ = {
			isa = PBXFrameworksBuildPhase;
			buildActionMask = 2147483647;
			files = (
			);
			runOnlyForDeploymentPostprocessing = 0;
		};
		F65EF9B6194739AA00BFD4A4 /* Frameworks */ = {
			isa = PBXFrameworksBuildPhase;
			buildActionMask = 2147483647;
			files = (
			);
			runOnlyForDeploymentPostprocessing = 0;
		};
/* End PBXFrameworksBuildPhase section */

/* Begin PBXGroup section */
		F65EF9A3194739AA00BFD4A4 = {
			isa = PBXGroup;
			children = (
				F65EF9AE194739AA00BFD4A4 /* BNR-1 */,
				F65EF9BC194739AA00BFD4A4 /* BNR-1Tests */,
				F65EF9AD194739AA00BFD4A4 /* Products */,
			);
			sourceTree = "<group>";
		};
		F65EF9AD194739AA00BFD4A4 /* Products */ = {
			isa = PBXGroup;
			children = (
				F65EF9AC194739AA00BFD4A4 /* BNR-1.app */,
				F65EF9B9194739AA00BFD4A4 /* BNR-1Tests.xctest */,
			);
			name = Products;
			sourceTree = "<group>";
		};
		F65EF9AE194739AA00BFD4A4 /* BNR-1 */ = {
			isa = PBXGroup;
			children = (
				F65EF9B1194739AA00BFD4A4 /* AppDelegate.swift */,
				F65EF9C919476B9700BFD4A4 /* BNRQuizViewController.swift */,
				F65EF9CA19476B9700BFD4A4 /* BNRQuizViewController.xib */,
				F65EF9B3194739AA00BFD4A4 /* Images.xcassets */,
				F65EF9AF194739AA00BFD4A4 /* Supporting Files */,
			);
			path = "BNR-1";
			sourceTree = "<group>";
		};
		F65EF9AF194739AA00BFD4A4 /* Supporting Files */ = {
			isa = PBXGroup;
			children = (
				F65EF9B0194739AA00BFD4A4 /* Info.plist */,
			);
			name = "Supporting Files";
			sourceTree = "<group>";
		};
		F65EF9BC194739AA00BFD4A4 /* BNR-1Tests */ = {
			isa = PBXGroup;
			children = (
				F65EF9BF194739AA00BFD4A4 /* BNR_1Tests.swift */,
				F65EF9BD194739AA00BFD4A4 /* Supporting Files */,
			);
			path = "BNR-1Tests";
			sourceTree = "<group>";
		};
		F65EF9BD194739AA00BFD4A4 /* Supporting Files */ = {
			isa = PBXGroup;
			children = (
				F65EF9BE194739AA00BFD4A4 /* Info.plist */,
			);
			name = "Supporting Files";
			sourceTree = "<group>";
		};
/* End PBXGroup section */

/* Begin PBXNativeTarget section */
		F65EF9AB194739AA00BFD4A4 /* BNR-1 */ = {
			isa = PBXNativeTarget;
			buildConfigurationList = F65EF9C3194739AA00BFD4A4 /* Build configuration list for PBXNativeTarget "BNR-1" */;
			buildPhases = (
				F65EF9A8194739AA00BFD4A4 /* Sources */,
				F65EF9A9194739AA00BFD4A4 /* Frameworks */,
				F65EF9AA194739AA00BFD4A4 /* Resources */,
			);
			buildRules = (
			);
			dependencies = (
			);
			name = "BNR-1";
			productName = "BNR-1";
			productReference = F65EF9AC194739AA00BFD4A4 /* BNR-1.app */;
			productType = "com.apple.product-type.application";
		};
		F65EF9B8194739AA00BFD4A4 /* BNR-1Tests */ = {
			isa = PBXNativeTarget;
			buildConfigurationList = F65EF9C6194739AA00BFD4A4 /* Build configuration list for PBXNativeTarget "BNR-1Tests" */;
			buildPhases = (
				F65EF9B5194739AA00BFD4A4 /* Sources */,
				F65EF9B6194739AA00BFD4A4 /* Frameworks */,
				F65EF9B7194739AA00BFD4A4 /* Resources */,
			);
			buildRules = (
			);
			dependencies = (
				F65EF9BB194739AA00BFD4A4 /* PBXTargetDependency */,
			);
			name = "BNR-1Tests";
			productName = "BNR-1Tests";
			productReference = F65EF9B9194739AA00BFD4A4 /* BNR-1Tests.xctest */;
			productType = "com.apple.product-type.bundle.unit-test";
		};
/* End PBXNativeTarget section */

/* Begin PBXProject section */
		F65EF9A4194739AA00BFD4A4 /* Project object */ = {
			isa = PBXProject;
			attributes = {
				LastUpgradeCheck = 0600;
				ORGANIZATIONNAME = BennyMadeIt;
				TargetAttributes = {
					F65EF9AB194739AA00BFD4A4 = {
						CreatedOnToolsVersion = 6.0;
						DevelopmentTeam = UUHZ959S24;
					};
					F65EF9B8194739AA00BFD4A4 = {
						CreatedOnToolsVersion = 6.0;
						TestTargetID = F65EF9AB194739AA00BFD4A4;
					};
				};
			};
			buildConfigurationList = F65EF9A7194739AA00BFD4A4 /* Build configuration list for PBXProject "BNR-1" */;
			compatibilityVersion = "Xcode 3.2";
			developmentRegion = English;
			hasScannedForEncodings = 0;
			knownRegions = (
				en,
			);
			mainGroup = F65EF9A3194739AA00BFD4A4;
			productRefGroup = F65EF9AD194739AA00BFD4A4 /* Products */;
			projectDirPath = "";
			projectRoot = "";
			targets = (
				F65EF9AB194739AA00BFD4A4 /* BNR-1 */,
				F65EF9B8194739AA00BFD4A4 /* BNR-1Tests */,
			);
		};
/* End PBXProject section */

/* Begin PBXResourcesBuildPhase section */
		F65EF9AA194739AA00BFD4A4 /* Resources */ = {
			isa = PBXResourcesBuildPhase;
			buildActionMask = 2147483647;
			files = (
				F65EF9CC19476B9700BFD4A4 /* BNRQuizViewController.xib in Resources */,
				F65EF9B4194739AA00BFD4A4 /* Images.xcassets in Resources */,
			);
			runOnlyForDeploymentPostprocessing = 0;
		};
		F65EF9B7194739AA00BFD4A4 /* Resources */ = {
			isa = PBXResourcesBuildPhase;
			buildActionMask = 2147483647;
			files = (
			);
			runOnlyForDeploymentPostprocessing = 0;
		};
/* End PBXResourcesBuildPhase section */

/* Begin PBXSourcesBuildPhase section */
		F65EF9A8194739AA00BFD4A4 /* Sources */ = {
			isa = PBXSourcesBuildPhase;
			buildActionMask = 2147483647;
			files = (
				F65EF9CB19476B9700BFD4A4 /* BNRQuizViewController.swift in Sources */,
				F65EF9B2194739AA00BFD4A4 /* AppDelegate.swift in Sources */,
			);
			runOnlyForDeploymentPostprocessing = 0;
		};
		F65EF9B5194739AA00BFD4A4 /* Sources */ = {
			isa = PBXSourcesBuildPhase;
			buildActionMask = 2147483647;
			files = (
				F65EF9C0194739AA00BFD4A4 /* BNR_1Tests.swift in Sources */,
			);
			runOnlyForDeploymentPostprocessing = 0;
		};
/* End PBXSourcesBuildPhase section */

/* Begin PBXTargetDependency section */
		F65EF9BB194739AA00BFD4A4 /* PBXTargetDependency */ = {
			isa = PBXTargetDependency;
			target = F65EF9AB194739AA00BFD4A4 /* BNR-1 */;
			targetProxy = F65EF9BA194739AA00BFD4A4 /* PBXContainerItemProxy */;
		};
/* End PBXTargetDependency section */

/* Begin XCBuildConfiguration section */
		F65EF9C1194739AA00BFD4A4 /* Debug */ = {
			isa = XCBuildConfiguration;
			buildSettings = {
				ALWAYS_SEARCH_USER_PATHS = NO;
				CLANG_CXX_LANGUAGE_STANDARD = "gnu++0x";
				CLANG_CXX_LIBRARY = "libc++";
				CLANG_ENABLE_MODULES = YES;
				CLANG_ENABLE_OBJC_ARC = YES;
				CLANG_WARN_BOOL_CONVERSION = YES;
				CLANG_WARN_CONSTANT_CONVERSION = YES;
				CLANG_WARN_DIRECT_OBJC_ISA_USAGE = YES_ERROR;
				CLANG_WARN_EMPTY_BODY = YES;
				CLANG_WARN_ENUM_CONVERSION = YES;
				CLANG_WARN_INT_CONVERSION = YES;
				CLANG_WARN_OBJC_ROOT_CLASS = YES_ERROR;
				CLANG_WARN_UNREACHABLE_CODE = YES;
				CLANG_WARN__DUPLICATE_METHOD_MATCH = YES;
				"CODE_SIGN_IDENTITY[sdk=iphoneos*]" = "iPhone Developer";
				COPY_PHASE_STRIP = NO;
				ENABLE_STRICT_OBJC_MSGSEND = YES;
				GCC_C_LANGUAGE_STANDARD = gnu99;
				GCC_DYNAMIC_NO_PIC = NO;
				GCC_OPTIMIZATION_LEVEL = 0;
				GCC_PREPROCESSOR_DEFINITIONS = (
					"DEBUG=1",
					"$(inherited)",
				);
				GCC_SYMBOLS_PRIVATE_EXTERN = NO;
				GCC_WARN_64_TO_32_BIT_CONVERSION = YES;
				GCC_WARN_ABOUT_RETURN_TYPE = YES_ERROR;
				GCC_WARN_UNDECLARED_SELECTOR = YES;
				GCC_WARN_UNINITIALIZED_AUTOS = YES_AGGRESSIVE;
				GCC_WARN_UNUSED_FUNCTION = YES;
				GCC_WARN_UNUSED_VARIABLE = YES;
				IPHONEOS_DEPLOYMENT_TARGET = 8.0;
				METAL_ENABLE_DEBUG_INFO = YES;
				ONLY_ACTIVE_ARCH = YES;
				SDKROOT = iphoneos;
				SWIFT_OPTIMIZATION_LEVEL = "-Onone";
			};
			name = Debug;
		};
		F65EF9C2194739AA00BFD4A4 /* Release */ = {
			isa = XCBuildConfiguration;
			buildSettings = {
				ALWAYS_SEARCH_USER_PATHS = NO;
				CLANG_CXX_LANGUAGE_STANDARD = "gnu++0x";
				CLANG_CXX_LIBRARY = "libc++";
				CLANG_ENABLE_MODULES = YES;
				CLANG_ENABLE_OBJC_ARC = YES;
				CLANG_WARN_BOOL_CONVERSION = YES;
				CLANG_WARN_CONSTANT_CONVERSION = YES;
				CLANG_WARN_DIRECT_OBJC_ISA_USAGE = YES_ERROR;
				CLANG_WARN_EMPTY_BODY = YES;
				CLANG_WARN_ENUM_CONVERSION = YES;
				CLANG_WARN_INT_CONVERSION = YES;
				CLANG_WARN_OBJC_ROOT_CLASS = YES_ERROR;
				CLANG_WARN_UNREACHABLE_CODE = YES;
				CLANG_WARN__DUPLICATE_METHOD_MATCH = YES;
				"CODE_SIGN_IDENTITY[sdk=iphoneos*]" = "iPhone Developer";
				COPY_PHASE_STRIP = YES;
				ENABLE_NS_ASSERTIONS = NO;
				ENABLE_STRICT_OBJC_MSGSEND = YES;
				GCC_C_LANGUAGE_STANDARD = gnu99;
				GCC_WARN_64_TO_32_BIT_CONVERSION = YES;
				GCC_WARN_ABOUT_RETURN_TYPE = YES_ERROR;
				GCC_WARN_UNDECLARED_SELECTOR = YES;
				GCC_WARN_UNINITIALIZED_AUTOS = YES_AGGRESSIVE;
				GCC_WARN_UNUSED_FUNCTION = YES;
				GCC_WARN_UNUSED_VARIABLE = YES;
				IPHONEOS_DEPLOYMENT_TARGET = 8.0;
				METAL_ENABLE_DEBUG_INFO = NO;
				SDKROOT = iphoneos;
				VALIDATE_PRODUCT = YES;
			};
			name = Release;
		};
		F65EF9C4194739AA00BFD4A4 /* Debug */ = {
			isa = XCBuildConfiguration;
			buildSettings = {
				ASSETCATALOG_COMPILER_APPICON_NAME = AppIcon;
				ASSETCATALOG_COMPILER_LAUNCHIMAGE_NAME = LaunchImage;
				CODE_SIGN_IDENTITY = "iPhone Developer";
				INFOPLIST_FILE = "BNR-1/Info.plist";
				LD_RUNPATH_SEARCH_PATHS = "$(inherited) @executable_path/Frameworks";
				PRODUCT_NAME = "$(TARGET_NAME)";
			};
			name = Debug;
		};
		F65EF9C5194739AA00BFD4A4 /* Release */ = {
			isa = XCBuildConfiguration;
			buildSettings = {
				ASSETCATALOG_COMPILER_APPICON_NAME = AppIcon;
				ASSETCATALOG_COMPILER_LAUNCHIMAGE_NAME = LaunchImage;
				CODE_SIGN_IDENTITY = "iPhone Developer";
				INFOPLIST_FILE = "BNR-1/Info.plist";
				LD_RUNPATH_SEARCH_PATHS = "$(inherited) @executable_path/Frameworks";
				PRODUCT_NAME = "$(TARGET_NAME)";
			};
			name = Release;
		};
		F65EF9C7194739AA00BFD4A4 /* Debug */ = {
			isa = XCBuildConfiguration;
			buildSettings = {
				BUNDLE_LOADER = "$(BUILT_PRODUCTS_DIR)/BNR-1.app/BNR-1";
				FRAMEWORK_SEARCH_PATHS = (
					"$(SDKROOT)/Developer/Library/Frameworks",
					"$(inherited)",
				);
				GCC_PREPROCESSOR_DEFINITIONS = (
					"DEBUG=1",
					"$(inherited)",
				);
				INFOPLIST_FILE = "BNR-1Tests/Info.plist";
				LD_RUNPATH_SEARCH_PATHS = "$(inherited) @executable_path/Frameworks @loader_path/Frameworks";
				METAL_ENABLE_DEBUG_INFO = YES;
				PRODUCT_NAME = "$(TARGET_NAME)";
				TEST_HOST = "$(BUNDLE_LOADER)";
			};
			name = Debug;
		};
		F65EF9C8194739AA00BFD4A4 /* Release */ = {
			isa = XCBuildConfiguration;
			buildSettings = {
				BUNDLE_LOADER = "$(BUILT_PRODUCTS_DIR)/BNR-1.app/BNR-1";
				FRAMEWORK_SEARCH_PATHS = (
					"$(SDKROOT)/Developer/Library/Frameworks",
					"$(inherited)",
				);
				INFOPLIST_FILE = "BNR-1Tests/Info.plist";
				LD_RUNPATH_SEARCH_PATHS = "$(inherited) @executable_path/Frameworks @loader_path/Frameworks";
				METAL_ENABLE_DEBUG_INFO = NO;
				PRODUCT_NAME = "$(TARGET_NAME)";
				TEST_HOST = "$(BUNDLE_LOADER)";
			};
			name = Release;
		};
/* End XCBuildConfiguration section */

/* Begin XCConfigurationList section */
		F65EF9A7194739AA00BFD4A4 /* Build configuration list for PBXProject "BNR-1" */ = {
			isa = XCConfigurationList;
			buildConfigurations = (
				F65EF9C1194739AA00BFD4A4 /* Debug */,
				F65EF9C2194739AA00BFD4A4 /* Release */,
			);
			defaultConfigurationIsVisible = 0;
			defaultConfigurationName = Release;
		};
		F65EF9C3194739AA00BFD4A4 /* Build configuration list for PBXNativeTarget "BNR-1" */ = {
			isa = XCConfigurationList;
			buildConfigurations = (
				F65EF9C4194739AA00BFD4A4 /* Debug */,
				F65EF9C5194739AA00BFD4A4 /* Release */,
			);
			defaultConfigurationIsVisible = 0;
		};
		F65EF9C6194739AA00BFD4A4 /* Build configuration list for PBXNativeTarget "BNR-1Tests" */ = {
			isa = XCConfigurationList;
			buildConfigurations = (
				F65EF9C7194739AA00BFD4A4 /* Debug */,
				F65EF9C8194739AA00BFD4A4 /* Release */,
			);
			defaultConfigurationIsVisible = 0;
		};
/* End XCConfigurationList section */
	};
	rootObject = F65EF9A4194739AA00BFD4A4 /* Project object */;
}
