// !$*UTF8*$!
{
	archiveVersion = 1;
	classes = {
	};
	objectVersion = 46;
	objects = {

/* Begin PBXBuildFile section */
		F6891303194104BD006A0FEB /* AppDelegate.swift in Sources */ = {isa = PBXBuildFile; fileRef = F6891302194104BD006A0FEB /* AppDelegate.swift */; };
		F6891305194104BD006A0FEB /* ViewController.swift in Sources */ = {isa = PBXBuildFile; fileRef = F6891304194104BD006A0FEB /* ViewController.swift */; };
		F6891308194104BD006A0FEB /* Main.storyboard in Resources */ = {isa = PBXBuildFile; fileRef = F6891306194104BD006A0FEB /* Main.storyboard */; };
		F689130A194104BD006A0FEB /* Images.xcassets in Resources */ = {isa = PBXBuildFile; fileRef = F6891309194104BD006A0FEB /* Images.xcassets */; };
		F6891316194104BD006A0FEB /* TestAppTests.swift in Sources */ = {isa = PBXBuildFile; fileRef = F6891315194104BD006A0FEB /* TestAppTests.swift */; };
/* End PBXBuildFile section */

/* Begin PBXContainerItemProxy section */
		F6891310194104BD006A0FEB /* PBXContainerItemProxy */ = {
			isa = PBXContainerItemProxy;
			containerPortal = F68912F5194104BC006A0FEB /* Project object */;
			proxyType = 1;
			remoteGlobalIDString = F68912FC194104BD006A0FEB;
			remoteInfo = TestApp;
		};
/* End PBXContainerItemProxy section */

/* Begin PBXFileReference section */
		F68912FD194104BD006A0FEB /* TestApp.app */ = {isa = PBXFileReference; explicitFileType = wrapper.application; includeInIndex = 0; path = TestApp.app; sourceTree = BUILT_PRODUCTS_DIR; };
		F6891301194104BD006A0FEB /* Info.plist */ = {isa = PBXFileReference; lastKnownFileType = text.plist.xml; path = Info.plist; sourceTree = "<group>"; };
		F6891302194104BD006A0FEB /* AppDelegate.swift */ = {isa = PBXFileReference; lastKnownFileType = sourcecode.swift; path = AppDelegate.swift; sourceTree = "<group>"; };
		F6891304194104BD006A0FEB /* ViewController.swift */ = {isa = PBXFileReference; lastKnownFileType = sourcecode.swift; path = ViewController.swift; sourceTree = "<group>"; };
		F6891307194104BD006A0FEB /* Base */ = {isa = PBXFileReference; lastKnownFileType = file.storyboard; name = Base; path = Base.lproj/Main.storyboard; sourceTree = "<group>"; };
		F6891309194104BD006A0FEB /* Images.xcassets */ = {isa = PBXFileReference; lastKnownFileType = folder.assetcatalog; path = Images.xcassets; sourceTree = "<group>"; };
		F689130F194104BD006A0FEB /* TestAppTests.xctest */ = {isa = PBXFileReference; explicitFileType = wrapper.cfbundle; includeInIndex = 0; path = TestAppTests.xctest; sourceTree = BUILT_PRODUCTS_DIR; };
		F6891314194104BD006A0FEB /* Info.plist */ = {isa = PBXFileReference; lastKnownFileType = text.plist.xml; path = Info.plist; sourceTree = "<group>"; };
		F6891315194104BD006A0FEB /* TestAppTests.swift */ = {isa = PBXFileReference; lastKnownFileType = sourcecode.swift; path = TestAppTests.swift; sourceTree = "<group>"; };
/* End PBXFileReference section */

/* Begin PBXFrameworksBuildPhase section */
		F68912FA194104BD006A0FEB /* Frameworks */ = {
			isa = PBXFrameworksBuildPhase;
			buildActionMask = 2147483647;
			files = (
			);
			runOnlyForDeploymentPostprocessing = 0;
		};
		F689130C194104BD006A0FEB /* Frameworks */ = {
			isa = PBXFrameworksBuildPhase;
			buildActionMask = 2147483647;
			files = (
			);
			runOnlyForDeploymentPostprocessing = 0;
		};
/* End PBXFrameworksBuildPhase section */

/* Begin PBXGroup section */
		F68912F4194104BC006A0FEB = {
			isa = PBXGroup;
			children = (
				F68912FF194104BD006A0FEB /* TestApp */,
				F6891312194104BD006A0FEB /* TestAppTests */,
				F68912FE194104BD006A0FEB /* Products */,
			);
			sourceTree = "<group>";
		};
		F68912FE194104BD006A0FEB /* Products */ = {
			isa = PBXGroup;
			children = (
				F68912FD194104BD006A0FEB /* TestApp.app */,
				F689130F194104BD006A0FEB /* TestAppTests.xctest */,
			);
			name = Products;
			sourceTree = "<group>";
		};
		F68912FF194104BD006A0FEB /* TestApp */ = {
			isa = PBXGroup;
			children = (
				F6891302194104BD006A0FEB /* AppDelegate.swift */,
				F6891304194104BD006A0FEB /* ViewController.swift */,
				F6891306194104BD006A0FEB /* Main.storyboard */,
				F6891309194104BD006A0FEB /* Images.xcassets */,
				F6891300194104BD006A0FEB /* Supporting Files */,
			);
			path = TestApp;
			sourceTree = "<group>";
		};
		F6891300194104BD006A0FEB /* Supporting Files */ = {
			isa = PBXGroup;
			children = (
				F6891301194104BD006A0FEB /* Info.plist */,
			);
			name = "Supporting Files";
			sourceTree = "<group>";
		};
		F6891312194104BD006A0FEB /* TestAppTests */ = {
			isa = PBXGroup;
			children = (
				F6891315194104BD006A0FEB /* TestAppTests.swift */,
				F6891313194104BD006A0FEB /* Supporting Files */,
			);
			path = TestAppTests;
			sourceTree = "<group>";
		};
		F6891313194104BD006A0FEB /* Supporting Files */ = {
			isa = PBXGroup;
			children = (
				F6891314194104BD006A0FEB /* Info.plist */,
			);
			name = "Supporting Files";
			sourceTree = "<group>";
		};
/* End PBXGroup section */

/* Begin PBXNativeTarget section */
		F68912FC194104BD006A0FEB /* TestApp */ = {
			isa = PBXNativeTarget;
			buildConfigurationList = F6891319194104BD006A0FEB /* Build configuration list for PBXNativeTarget "TestApp" */;
			buildPhases = (
				F68912F9194104BD006A0FEB /* Sources */,
				F68912FA194104BD006A0FEB /* Frameworks */,
				F68912FB194104BD006A0FEB /* Resources */,
			);
			buildRules = (
			);
			dependencies = (
			);
			name = TestApp;
			productName = TestApp;
			productReference = F68912FD194104BD006A0FEB /* TestApp.app */;
			productType = "com.apple.product-type.application";
		};
		F689130E194104BD006A0FEB /* TestAppTests */ = {
			isa = PBXNativeTarget;
			buildConfigurationList = F689131C194104BD006A0FEB /* Build configuration list for PBXNativeTarget "TestAppTests" */;
			buildPhases = (
				F689130B194104BD006A0FEB /* Sources */,
				F689130C194104BD006A0FEB /* Frameworks */,
				F689130D194104BD006A0FEB /* Resources */,
			);
			buildRules = (
			);
			dependencies = (
				F6891311194104BD006A0FEB /* PBXTargetDependency */,
			);
			name = TestAppTests;
			productName = TestAppTests;
			productReference = F689130F194104BD006A0FEB /* TestAppTests.xctest */;
			productType = "com.apple.product-type.bundle.unit-test";
		};
/* End PBXNativeTarget section */

/* Begin PBXProject section */
		F68912F5194104BC006A0FEB /* Project object */ = {
			isa = PBXProject;
			attributes = {
				LastUpgradeCheck = 0600;
				ORGANIZATIONNAME = "Benny Heo";
				TargetAttributes = {
					F68912FC194104BD006A0FEB = {
						CreatedOnToolsVersion = 6.0;
					};
					F689130E194104BD006A0FEB = {
						CreatedOnToolsVersion = 6.0;
						TestTargetID = F68912FC194104BD006A0FEB;
					};
				};
			};
			buildConfigurationList = F68912F8194104BC006A0FEB /* Build configuration list for PBXProject "TestApp" */;
			compatibilityVersion = "Xcode 3.2";
			developmentRegion = English;
			hasScannedForEncodings = 0;
			knownRegions = (
				en,
				Base,
			);
			mainGroup = F68912F4194104BC006A0FEB;
			productRefGroup = F68912FE194104BD006A0FEB /* Products */;
			projectDirPath = "";
			projectRoot = "";
			targets = (
				F68912FC194104BD006A0FEB /* TestApp */,
				F689130E194104BD006A0FEB /* TestAppTests */,
			);
		};
/* End PBXProject section */

/* Begin PBXResourcesBuildPhase section */
		F68912FB194104BD006A0FEB /* Resources */ = {
			isa = PBXResourcesBuildPhase;
			buildActionMask = 2147483647;
			files = (
				F6891308194104BD006A0FEB /* Main.storyboard in Resources */,
				F689130A194104BD006A0FEB /* Images.xcassets in Resources */,
			);
			runOnlyForDeploymentPostprocessing = 0;
		};
		F689130D194104BD006A0FEB /* Resources */ = {
			isa = PBXResourcesBuildPhase;
			buildActionMask = 2147483647;
			files = (
			);
			runOnlyForDeploymentPostprocessing = 0;
		};
/* End PBXResourcesBuildPhase section */

/* Begin PBXSourcesBuildPhase section */
		F68912F9194104BD006A0FEB /* Sources */ = {
			isa = PBXSourcesBuildPhase;
			buildActionMask = 2147483647;
			files = (
				F6891305194104BD006A0FEB /* ViewController.swift in Sources */,
				F6891303194104BD006A0FEB /* AppDelegate.swift in Sources */,
			);
			runOnlyForDeploymentPostprocessing = 0;
		};
		F689130B194104BD006A0FEB /* Sources */ = {
			isa = PBXSourcesBuildPhase;
			buildActionMask = 2147483647;
			files = (
				F6891316194104BD006A0FEB /* TestAppTests.swift in Sources */,
			);
			runOnlyForDeploymentPostprocessing = 0;
		};
/* End PBXSourcesBuildPhase section */

/* Begin PBXTargetDependency section */
		F6891311194104BD006A0FEB /* PBXTargetDependency */ = {
			isa = PBXTargetDependency;
			target = F68912FC194104BD006A0FEB /* TestApp */;
			targetProxy = F6891310194104BD006A0FEB /* PBXContainerItemProxy */;
		};
/* End PBXTargetDependency section */

/* Begin PBXVariantGroup section */
		F6891306194104BD006A0FEB /* Main.storyboard */ = {
			isa = PBXVariantGroup;
			children = (
				F6891307194104BD006A0FEB /* Base */,
			);
			name = Main.storyboard;
			sourceTree = "<group>";
		};
/* End PBXVariantGroup section */

/* Begin XCBuildConfiguration section */
		F6891317194104BD006A0FEB /* Debug */ = {
			isa = XCBuildConfiguration;
			buildSettings = {
				ALWAYS_SEARCH_USER_PATHS = NO;
				CLANG_CXX_LANGUAGE_STANDARD = "gnu++0x";
				CLANG_CXX_LIBRARY = "libc++";
				CLANG_ENABLE_MODULES = YES;
				CLANG_ENABLE_OBJC_ARC = YES;
				CLANG_WARN_BOOL_CONVERSION = YES;
				CLANG_WARN_CONSTANT_CONVERSION = YES;
				CLANG_WARN_DIRECT_OBJC_ISA_USAGE = YES_ERROR;
				CLANG_WARN_EMPTY_BODY = YES;
				CLANG_WARN_ENUM_CONVERSION = YES;
				CLANG_WARN_INT_CONVERSION = YES;
				CLANG_WARN_OBJC_ROOT_CLASS = YES_ERROR;
				CLANG_WARN_UNREACHABLE_CODE = YES;
				CLANG_WARN__DUPLICATE_METHOD_MATCH = YES;
				"CODE_SIGN_IDENTITY[sdk=iphoneos*]" = "iPhone Developer";
				COPY_PHASE_STRIP = NO;
				ENABLE_STRICT_OBJC_MSGSEND = YES;
				GCC_C_LANGUAGE_STANDARD = gnu99;
				GCC_DYNAMIC_NO_PIC = NO;
				GCC_OPTIMIZATION_LEVEL = 0;
				GCC_PREPROCESSOR_DEFINITIONS = (
					"DEBUG=1",
					"$(inherited)",
				);
				GCC_SYMBOLS_PRIVATE_EXTERN = NO;
				GCC_WARN_64_TO_32_BIT_CONVERSION = YES;
				GCC_WARN_ABOUT_RETURN_TYPE = YES_ERROR;
				GCC_WARN_UNDECLARED_SELECTOR = YES;
				GCC_WARN_UNINITIALIZED_AUTOS = YES_AGGRESSIVE;
				GCC_WARN_UNUSED_FUNCTION = YES;
				GCC_WARN_UNUSED_VARIABLE = YES;
				IPHONEOS_DEPLOYMENT_TARGET = 8.0;
				METAL_ENABLE_DEBUG_INFO = YES;
				ONLY_ACTIVE_ARCH = YES;
				SDKROOT = iphoneos;
				SWIFT_OPTIMIZATION_LEVEL = "-Onone";
			};
			name = Debug;
		};
		F6891318194104BD006A0FEB /* Release */ = {
			isa = XCBuildConfiguration;
			buildSettings = {
				ALWAYS_SEARCH_USER_PATHS = NO;
				CLANG_CXX_LANGUAGE_STANDARD = "gnu++0x";
				CLANG_CXX_LIBRARY = "libc++";
				CLANG_ENABLE_MODULES = YES;
				CLANG_ENABLE_OBJC_ARC = YES;
				CLANG_WARN_BOOL_CONVERSION = YES;
				CLANG_WARN_CONSTANT_CONVERSION = YES;
				CLANG_WARN_DIRECT_OBJC_ISA_USAGE = YES_ERROR;
				CLANG_WARN_EMPTY_BODY = YES;
				CLANG_WARN_ENUM_CONVERSION = YES;
				CLANG_WARN_INT_CONVERSION = YES;
				CLANG_WARN_OBJC_ROOT_CLASS = YES_ERROR;
				CLANG_WARN_UNREACHABLE_CODE = YES;
				CLANG_WARN__DUPLICATE_METHOD_MATCH = YES;
				"CODE_SIGN_IDENTITY[sdk=iphoneos*]" = "iPhone Developer";
				COPY_PHASE_STRIP = YES;
				ENABLE_NS_ASSERTIONS = NO;
				ENABLE_STRICT_OBJC_MSGSEND = YES;
				GCC_C_LANGUAGE_STANDARD = gnu99;
				GCC_WARN_64_TO_32_BIT_CONVERSION = YES;
				GCC_WARN_ABOUT_RETURN_TYPE = YES_ERROR;
				GCC_WARN_UNDECLARED_SELECTOR = YES;
				GCC_WARN_UNINITIALIZED_AUTOS = YES_AGGRESSIVE;
				GCC_WARN_UNUSED_FUNCTION = YES;
				GCC_WARN_UNUSED_VARIABLE = YES;
				IPHONEOS_DEPLOYMENT_TARGET = 8.0;
				METAL_ENABLE_DEBUG_INFO = NO;
				SDKROOT = iphoneos;
				VALIDATE_PRODUCT = YES;
			};
			name = Release;
		};
		F689131A194104BD006A0FEB /* Debug */ = {
			isa = XCBuildConfiguration;
			buildSettings = {
				ASSETCATALOG_COMPILER_APPICON_NAME = AppIcon;
				ASSETCATALOG_COMPILER_LAUNCHIMAGE_NAME = LaunchImage;
				INFOPLIST_FILE = TestApp/Info.plist;
				LD_RUNPATH_SEARCH_PATHS = "$(inherited) @executable_path/Frameworks";
				PRODUCT_NAME = "$(TARGET_NAME)";
			};
			name = Debug;
		};
		F689131B194104BD006A0FEB /* Release */ = {
			isa = XCBuildConfiguration;
			buildSettings = {
				ASSETCATALOG_COMPILER_APPICON_NAME = AppIcon;
				ASSETCATALOG_COMPILER_LAUNCHIMAGE_NAME = LaunchImage;
				INFOPLIST_FILE = TestApp/Info.plist;
				LD_RUNPATH_SEARCH_PATHS = "$(inherited) @executable_path/Frameworks";
				PRODUCT_NAME = "$(TARGET_NAME)";
			};
			name = Release;
		};
		F689131D194104BD006A0FEB /* Debug */ = {
			isa = XCBuildConfiguration;
			buildSettings = {
				BUNDLE_LOADER = "$(BUILT_PRODUCTS_DIR)/TestApp.app/TestApp";
				FRAMEWORK_SEARCH_PATHS = (
					"$(SDKROOT)/Developer/Library/Frameworks",
					"$(inherited)",
				);
				GCC_PREPROCESSOR_DEFINITIONS = (
					"DEBUG=1",
					"$(inherited)",
				);
				INFOPLIST_FILE = TestAppTests/Info.plist;
				LD_RUNPATH_SEARCH_PATHS = "$(inherited) @executable_path/Frameworks @loader_path/Frameworks";
				METAL_ENABLE_DEBUG_INFO = YES;
				PRODUCT_NAME = "$(TARGET_NAME)";
				TEST_HOST = "$(BUNDLE_LOADER)";
			};
			name = Debug;
		};
		F689131E194104BD006A0FEB /* Release */ = {
			isa = XCBuildConfiguration;
			buildSettings = {
				BUNDLE_LOADER = "$(BUILT_PRODUCTS_DIR)/TestApp.app/TestApp";
				FRAMEWORK_SEARCH_PATHS = (
					"$(SDKROOT)/Developer/Library/Frameworks",
					"$(inherited)",
				);
				INFOPLIST_FILE = TestAppTests/Info.plist;
				LD_RUNPATH_SEARCH_PATHS = "$(inherited) @executable_path/Frameworks @loader_path/Frameworks";
				METAL_ENABLE_DEBUG_INFO = NO;
				PRODUCT_NAME = "$(TARGET_NAME)";
				TEST_HOST = "$(BUNDLE_LOADER)";
			};
			name = Release;
		};
/* End XCBuildConfiguration section */

/* Begin XCConfigurationList section */
		F68912F8194104BC006A0FEB /* Build configuration list for PBXProject "TestApp" */ = {
			isa = XCConfigurationList;
			buildConfigurations = (
				F6891317194104BD006A0FEB /* Debug */,
				F6891318194104BD006A0FEB /* Release */,
			);
			defaultConfigurationIsVisible = 0;
			defaultConfigurationName = Release;
		};
		F6891319194104BD006A0FEB /* Build configuration list for PBXNativeTarget "TestApp" */ = {
			isa = XCConfigurationList;
			buildConfigurations = (
				F689131A194104BD006A0FEB /* Debug */,
				F689131B194104BD006A0FEB /* Release */,
			);
			defaultConfigurationIsVisible = 0;
		};
		F689131C194104BD006A0FEB /* Build configuration list for PBXNativeTarget "TestAppTests" */ = {
			isa = XCConfigurationList;
			buildConfigurations = (
				F689131D194104BD006A0FEB /* Debug */,
				F689131E194104BD006A0FEB /* Release */,
			);
			defaultConfigurationIsVisible = 0;
		};
/* End XCConfigurationList section */
	};
	rootObject = F68912F5194104BC006A0FEB /* Project object */;
}
